
Microsoft Visual Studio Solution File, Format Version 12.00
# Visual Studio Version 16
VisualStudioVersion = 16.0.31702.278
MinimumVisualStudioVersion = 10.0.40219.1
Project("{FAE04EC0-301F-11D3-BF4B-00C04F79EFBC}") = "Runner2", "Runner2\Runner2.csproj", "{94AC8792-A76B-43BA-A7B4-3E223A434C78}"
EndProject
Project("{FAE04EC0-301F-11D3-BF4B-00C04F79EFBC}") = "Runner.SignalR", "Runner.SignalR\Runner.SignalR.csproj", "{827D05D8-9DFF-490B-A6BB-FA178FBDE165}"
EndProject
Global
	GlobalSection(SolutionConfigurationPlatforms) = preSolution
		Debug|Any CPU = Debug|Any CPU
		Release|Any CPU = Release|Any CPU
	EndGlobalSection
	GlobalSection(ProjectConfigurationPlatforms) = postSolution
		{94AC8792-A76B-43BA-A7B4-3E223A434C78}.Debug|Any CPU.ActiveCfg = Debug|Any CPU
		{94AC8792-A76B-43BA-A7B4-3E223A434C78}.Debug|Any CPU.Build.0 = Debug|Any CPU
		{94AC8792-A76B-43BA-A7B4-3E223A434C78}.Release|Any CPU.ActiveCfg = Release|Any CPU
		{94AC8792-A76B-43BA-A7B4-3E223A434C78}.Release|Any CPU.Build.0 = Release|Any CPU
		{827D05D8-9DFF-490B-A6BB-FA178FBDE165}.Debug|Any CPU.ActiveCfg = Debug|Any CPU
		{827D05D8-9DFF-490B-A6BB-FA178FBDE165}.Debug|Any CPU.Build.0 = Debug|Any CPU
		{827D05D8-9DFF-490B-A6BB-FA178FBDE165}.Release|Any CPU.ActiveCfg = Release|Any CPU
		{827D05D8-9DFF-490B-A6BB-FA178FBDE165}.Release|Any CPU.Build.0 = Release|Any CPU
	EndGlobalSection
	GlobalSection(SolutionProperties) = preSolution
		HideSolutionNode = FALSE
	EndGlobalSection
	GlobalSection(ExtensibilityGlobals) = postSolution
		SolutionGuid = {86BECA4D-12AF-4B55-AF4D-49AFDA3095CE}
	EndGlobalSection
EndGlobal
